
Microsoft Visual Studio Solution File, Format Version 12.00
# Visual Studio Version 17
VisualStudioVersion = 17.6.33723.286
MinimumVisualStudioVersion = 10.0.40219.1
Project("{FAE04EC0-301F-11D3-BF4B-00C04F79EFBC}") = "RM", "RM.csproj", "{8D676BE7-9D0E-47F8-9556-55A85645C075}"
EndProject
Global
	GlobalSection(SolutionConfigurationPlatforms) = preSolution
		Debug|Any CPU = Debug|Any CPU
		Release|Any CPU = Release|Any CPU
	EndGlobalSection
	GlobalSection(ProjectConfigurationPlatforms) = postSolution
		{8D676BE7-9D0E-47F8-9556-55A85645C075}.Debug|Any CPU.ActiveCfg = Debug|Any CPU
		{8D676BE7-9D0E-47F8-9556-55A85645C075}.Debug|Any CPU.Build.0 = Debug|Any CPU
		{8D676BE7-9D0E-47F8-9556-55A85645C075}.Release|Any CPU.ActiveCfg = Release|Any CPU
		{8D676BE7-9D0E-47F8-9556-55A85645C075}.Release|Any CPU.Build.0 = Release|Any CPU
	EndGlobalSection
	GlobalSection(SolutionProperties) = preSolution
		HideSolutionNode = FALSE
	EndGlobalSection
	GlobalSection(ExtensibilityGlobals) = postSolution
		SolutionGuid = {376FFD60-46E6-49E0-A5DC-F4958286D55A}
	EndGlobalSection
EndGlobal
